# slug|version_id|version|target_file|sha512
terralith|f1lDwn23|2.6.2|01-terralith-2.6.2.zip|14a7282b35cad17e0e3579b1ea33c311be576b8cb53d0e8bfecfcdaac41da25100910c0356c6c9e8a03f8928e22be7b22b5c1c6d36985cc132b1caff3d800496
terratonic|96aJ7B6m|3.0.22|02-terratonic-3.0.22.zip|00cd9dbd874de8f578933884cb81b85c483f550213fefdec498335cd86bed8af04d84a3328fcabc8dbfff867c52e653868ec72a3b08eebd56f34813fc36bf14d
continents|RI9abJur|1.1.13|03-continents-1.1.13.zip|5483c1f887fd06b8967318a3f2d44d5b1fb3a2cb58da1e6f1fc81b545ef351d35769dbec854daa2de0f985036cdfc82caf9f9f83e6f4e23f2a151b4d7b15c9dc
incendium|l721IuKU|5.4.12|04-incendium-5.4.12.zip|61e0a857cc99e27b04b92a4408bb4d7b0358f69d16c2038e7912f2453edb983aa8b366df1e89745e586e312019e48208540fdb013a2751e36697787ecc14dc37
nether-expanse-incendium|do3Hk1Gu|1.0|05-nether-expanse-incendium-1.0.zip|04c6cfb49fe6e586a8c614910c0a7d2112dea719296c9ebbf44c7021606d4ca335a8bd8cb14139d7b1bb83e44c1d1ee14b5f134bcc98a4f707ffbdfdc2ea5415
dungeons-and-taverns|ohqJT0pv|5.2.0|10-dungeons-and-taverns-5.2.0.zip|092879dd3c659fc85b5357a33c973e0e5aca917174be28417ba67e79f3a50f55b4c61850b5613210cd5a2cb77a7ce42bfbed2fd2481b89982e2537c8abd171d5
explorify|BKKKBD2V|1.6.5|11-explorify-1.6.5.zip|9ca01672759e9a84a14e3424f1a779bde3fdaad3bf77b853961e0a5902c4bbee0ab970adf5638e1e6934e0a70d926221caa8d89f29e6f88d56b73aad9ae4fb6b
structory|KjDonUTl|1.3.15|12-structory-1.3.15.zip|848e2fdb8139b252a30347b52343a3e9aad3017c4e9eecfe38bc36ff560541d7b2bc59519499e7d0492517b6cfa5d016037993c7f1a8ab8d2336837f89319eca
nullscape|uY2HJ7Ot|1.2.18|20-nullscape-1.2.18.zip|b907df73fc8f1375eb2baeb8a059da6e043df535799e71648d112ed875da9e7bff2c1dfd180b7facbcc40e53b094e213153f76caded9f72d112b98d86e19b792
true-ending|6Ja5EUoL|1.1.4d|21-true-ending-1.1.4d.zip|4e9f408acd0ba4ac333f58a7348af455403d914d915da5a84768a612cc66df484bc45763bfc5c5c98a4674f328facacb73abdb6b4c0b655ff16b33ffabf52332
