# minecraft=26.1.2
# project_id|slug|display_name|version_id|version|target_file|url|sha512
fALzjamp|chunky|Chunky|MdY6JATr|1.5.3|Chunky.jar|https://cdn.modrinth.com/data/fALzjamp/versions/MdY6JATr/Chunky-Bukkit-1.5.3.jar|43ffecc6e6a734b752da41575bbb316526c124c3f878942437d5133c377bfbd9b78bda975520dc074d7158c15dade58a444ccd0fd8d8a25d165b6fc450140422
F19o0PDO|antivillagerlag|AntiVillagerLag|d6hPQEf9|3.0.8|AntiVillagerLag.jar|https://cdn.modrinth.com/data/F19o0PDO/versions/d6hPQEf9/antivillagerlag-3.0.8.jar|5c3f62b1ce2707b175d98c813efd62c2a0a4e26c1e6cb7d9297932aa63e88b5a81f8490ed464cb1d0acdea1e42a91da77b97eae6f0b8d0d00ffcfdc342086c9e
CKXh317S|fiojfs-attribute-swap-fix|AttributeSwapFix|V3KTVa98|1.1.0|AttributeSwapFix.jar|https://cdn.modrinth.com/data/CKXh317S/versions/V3KTVa98/pasf-1.1.0.jar|b0a58a162b2962a53dc0c5764da5d5b44d7b12d5ee19d4e1cafd40af19a9ebb0058d15b50959241b96b0ca49608a1a515f5a6df175d01a10178beb30b2b9a470
Cz6msz34|axgraves|AxGraves|o9IJPqXH|1.28.1|AxGraves.jar|https://cdn.modrinth.com/data/Cz6msz34/versions/o9IJPqXH/AxGraves-1.28.1.jar|cdf4f27b43f35ff91a4367fe041a5ae954f29e60744ec5a0586d3453a19cc89b018247f9507a6fb17ad4d672319171e9b84b65c88cf0c3b47b65a61e0c2396d8
t1ajCt4Y|axinventoryrestore|AxInventoryRestore|N01O35u0|3.13.0|AxInventoryRestore.jar|https://cdn.modrinth.com/data/t1ajCt4Y/versions/N01O35u0/AxInventoryRestore-3.13.0.jar|45a7eea4a4453500ebbbde8b7300d5bc903e33b836e16a67a9927c106f75bfbab6daa8db36295e77c6407526dcce5b9cf7f872265e3be761018f4cf26d55aa54
ownTWGOH|trialchamberpro|TrialChamberPro|ZDCou0no|1.5.9-mc26|TrialChamberPro.jar|https://cdn.modrinth.com/data/ownTWGOH/versions/ZDCou0no/TrialChamberPro-1.5.9-mc26.jar|83a11f497f7a66fdb893b266d1f6e09d1264aa130cf837a15eff1f0f15566139c08108432046e7e6ccaac395288a977e2917035a201883c021e7968b15ef3d77
eX8JZ3Zr|levelledmobs|LevelledMobs|3GiqsPAk|4.5.3|LevelledMobs.jar|https://cdn.modrinth.com/data/eX8JZ3Zr/versions/3GiqsPAk/LevelledMobs-4.5.3%20b152.jar|dcafc221e4a5a757d32c1cccc662572afdbd47e455f1964ee1866ce724a7d7c87d494c0aedcd8e3070e97dff347d7204e263abc82fcadfecdd6685725fead11c
